
Microsoft Visual Studio Solution File, Format Version 12.00
# Visual Studio 2013
VisualStudioVersion = 12.0.21005.1
MinimumVisualStudioVersion = 10.0.40219.1
Project("{FAE04EC0-301F-11D3-BF4B-00C04F79EFBC}") = "TmTech v1", "TmTech v1\TmTech v1.csproj", "{BF06C518-8C4E-440A-AAEC-13C0D41F2004}"
EndProject
Project("{FAE04EC0-301F-11D3-BF4B-00C04F79EFBC}") = "TmTech.SDK.Mail", "TmTech.SDK.Mail\TmTech.SDK.Mail.csproj", "{E557F6F5-56F3-455F-9916-951FDF2BA43E}"
EndProject
Project("{FAE04EC0-301F-11D3-BF4B-00C04F79EFBC}") = "TmTech.Resource", "TmTech.Resource\TmTech.Resource.csproj", "{E464D412-4A88-429E-B21F-CA9150B432C3}"
EndProject
Global
	GlobalSection(SolutionConfigurationPlatforms) = preSolution
		CD_ROM|Any CPU = CD_ROM|Any CPU
		Debug|Any CPU = Debug|Any CPU
		DVD-5|Any CPU = DVD-5|Any CPU
		Release|Any CPU = Release|Any CPU
		SingleImage|Any CPU = SingleImage|Any CPU
	EndGlobalSection
	GlobalSection(ProjectConfigurationPlatforms) = postSolution
		{BF06C518-8C4E-440A-AAEC-13C0D41F2004}.CD_ROM|Any CPU.ActiveCfg = Release|Any CPU
		{BF06C518-8C4E-440A-AAEC-13C0D41F2004}.CD_ROM|Any CPU.Build.0 = Release|Any CPU
		{BF06C518-8C4E-440A-AAEC-13C0D41F2004}.Debug|Any CPU.ActiveCfg = Debug|Any CPU
		{BF06C518-8C4E-440A-AAEC-13C0D41F2004}.Debug|Any CPU.Build.0 = Debug|Any CPU
		{BF06C518-8C4E-440A-AAEC-13C0D41F2004}.DVD-5|Any CPU.ActiveCfg = Debug|Any CPU
		{BF06C518-8C4E-440A-AAEC-13C0D41F2004}.DVD-5|Any CPU.Build.0 = Debug|Any CPU
		{BF06C518-8C4E-440A-AAEC-13C0D41F2004}.Release|Any CPU.ActiveCfg = Release|Any CPU
		{BF06C518-8C4E-440A-AAEC-13C0D41F2004}.Release|Any CPU.Build.0 = Release|Any CPU
		{BF06C518-8C4E-440A-AAEC-13C0D41F2004}.SingleImage|Any CPU.ActiveCfg = Release|Any CPU
		{BF06C518-8C4E-440A-AAEC-13C0D41F2004}.SingleImage|Any CPU.Build.0 = Release|Any CPU
		{E557F6F5-56F3-455F-9916-951FDF2BA43E}.CD_ROM|Any CPU.ActiveCfg = Release|Any CPU
		{E557F6F5-56F3-455F-9916-951FDF2BA43E}.CD_ROM|Any CPU.Build.0 = Release|Any CPU
		{E557F6F5-56F3-455F-9916-951FDF2BA43E}.Debug|Any CPU.ActiveCfg = Debug|Any CPU
		{E557F6F5-56F3-455F-9916-951FDF2BA43E}.Debug|Any CPU.Build.0 = Debug|Any CPU
		{E557F6F5-56F3-455F-9916-951FDF2BA43E}.DVD-5|Any CPU.ActiveCfg = Debug|Any CPU
		{E557F6F5-56F3-455F-9916-951FDF2BA43E}.DVD-5|Any CPU.Build.0 = Debug|Any CPU
		{E557F6F5-56F3-455F-9916-951FDF2BA43E}.Release|Any CPU.ActiveCfg = Release|Any CPU
		{E557F6F5-56F3-455F-9916-951FDF2BA43E}.Release|Any CPU.Build.0 = Release|Any CPU
		{E557F6F5-56F3-455F-9916-951FDF2BA43E}.SingleImage|Any CPU.ActiveCfg = Release|Any CPU
		{E557F6F5-56F3-455F-9916-951FDF2BA43E}.SingleImage|Any CPU.Build.0 = Release|Any CPU
		{E464D412-4A88-429E-B21F-CA9150B432C3}.CD_ROM|Any CPU.ActiveCfg = Release|Any CPU
		{E464D412-4A88-429E-B21F-CA9150B432C3}.CD_ROM|Any CPU.Build.0 = Release|Any CPU
		{E464D412-4A88-429E-B21F-CA9150B432C3}.Debug|Any CPU.ActiveCfg = Debug|Any CPU
		{E464D412-4A88-429E-B21F-CA9150B432C3}.Debug|Any CPU.Build.0 = Debug|Any CPU
		{E464D412-4A88-429E-B21F-CA9150B432C3}.DVD-5|Any CPU.ActiveCfg = Debug|Any CPU
		{E464D412-4A88-429E-B21F-CA9150B432C3}.DVD-5|Any CPU.Build.0 = Debug|Any CPU
		{E464D412-4A88-429E-B21F-CA9150B432C3}.Release|Any CPU.ActiveCfg = Release|Any CPU
		{E464D412-4A88-429E-B21F-CA9150B432C3}.Release|Any CPU.Build.0 = Release|Any CPU
		{E464D412-4A88-429E-B21F-CA9150B432C3}.SingleImage|Any CPU.ActiveCfg = Release|Any CPU
		{E464D412-4A88-429E-B21F-CA9150B432C3}.SingleImage|Any CPU.Build.0 = Release|Any CPU
	EndGlobalSection
	GlobalSection(SolutionProperties) = preSolution
		HideSolutionNode = FALSE
	EndGlobalSection
EndGlobal
